
Microsoft Visual Studio Solution File, Format Version 12.00
# Visual Studio Version 17
VisualStudioVersion = 17.10.35013.160
MinimumVisualStudioVersion = 10.0.40219.1
Project("{8BC9CEB8-8B4A-11D0-8D11-00A0C91BC942}") = "MechControlEmulator", "MechControlEmulator\MechControlEmulator.vcxproj", "{4AC9FC82-A5F0-46DA-BBDF-BDA0097C4131}"
EndProject
Global
	GlobalSection(SolutionConfigurationPlatforms) = preSolution
		Debug|x64 = Debug|x64
		Release|x64 = Release|x64
	EndGlobalSection
	GlobalSection(ProjectConfigurationPlatforms) = postSolution
		{4AC9FC82-A5F0-46DA-BBDF-BDA0097C4131}.Debug|x64.ActiveCfg = Debug|x64
		{4AC9FC82-A5F0-46DA-BBDF-BDA0097C4131}.Debug|x64.Build.0 = Debug|x64
		{4AC9FC82-A5F0-46DA-BBDF-BDA0097C4131}.Release|x64.ActiveCfg = Release|x64
		{4AC9FC82-A5F0-46DA-BBDF-BDA0097C4131}.Release|x64.Build.0 = Release|x64
	EndGlobalSection
	GlobalSection(SolutionProperties) = preSolution
		HideSolutionNode = FALSE
	EndGlobalSection
	GlobalSection(ExtensibilityGlobals) = postSolution
		SolutionGuid = {28D30286-4786-4B3D-8F10-3A7346702E54}
	EndGlobalSection
EndGlobal
